
Microsoft Visual Studio Solution File, Format Version 12.00
# Visual Studio Version 16
VisualStudioVersion = 16.0.30717.126
MinimumVisualStudioVersion = 10.0.40219.1
Project("{9A19103F-16F7-4668-BE54-9A1E7A4F7556}") = "StructAndEnumHomeWork", "StructAndEnumHomeWork\StructAndEnumHomeWork.csproj", "{3A0CA250-30A0-4D5C-B701-4CF6BE0E7925}"
EndProject
Global
	GlobalSection(SolutionConfigurationPlatforms) = preSolution
		Debug|Any CPU = Debug|Any CPU
		Release|Any CPU = Release|Any CPU
	EndGlobalSection
	GlobalSection(ProjectConfigurationPlatforms) = postSolution
		{3A0CA250-30A0-4D5C-B701-4CF6BE0E7925}.Debug|Any CPU.ActiveCfg = Debug|Any CPU
		{3A0CA250-30A0-4D5C-B701-4CF6BE0E7925}.Debug|Any CPU.Build.0 = Debug|Any CPU
		{3A0CA250-30A0-4D5C-B701-4CF6BE0E7925}.Release|Any CPU.ActiveCfg = Release|Any CPU
		{3A0CA250-30A0-4D5C-B701-4CF6BE0E7925}.Release|Any CPU.Build.0 = Release|Any CPU
	EndGlobalSection
	GlobalSection(SolutionProperties) = preSolution
		HideSolutionNode = FALSE
	EndGlobalSection
	GlobalSection(ExtensibilityGlobals) = postSolution
		SolutionGuid = {A078CE29-B90F-4F3B-A5B9-B90C70939ECB}
	EndGlobalSection
EndGlobal
